
Microsoft Visual Studio Solution File, Format Version 12.00
# Visual Studio Version 17
VisualStudioVersion = 17.6.33723.286
MinimumVisualStudioVersion = 10.0.40219.1
Project("{FAE04EC0-301F-11D3-BF4B-00C04F79EFBC}") = "Lab09.Android", "Lab09\Lab09.Android\Lab09.Android.csproj", "{8D1FB2D7-3890-4DC2-9927-C0096B5AAD10}"
EndProject
Project("{FAE04EC0-301F-11D3-BF4B-00C04F79EFBC}") = "Lab09.iOS", "Lab09\Lab09.iOS\Lab09.iOS.csproj", "{BAC66BA5-02DA-48AE-BBAF-6B7952B2ABB7}"
EndProject
Project("{FAE04EC0-301F-11D3-BF4B-00C04F79EFBC}") = "Lab09", "Lab09\Lab09\Lab09.csproj", "{91B2DB3F-6356-48C3-B31B-4B0329C41DAD}"
EndProject
Global
	GlobalSection(SolutionConfigurationPlatforms) = preSolution
		Debug|Any CPU = Debug|Any CPU
		Debug|iPhone = Debug|iPhone
		Debug|iPhoneSimulator = Debug|iPhoneSimulator
		Release|Any CPU = Release|Any CPU
		Release|iPhone = Release|iPhone
		Release|iPhoneSimulator = Release|iPhoneSimulator
	EndGlobalSection
	GlobalSection(ProjectConfigurationPlatforms) = postSolution
		{8D1FB2D7-3890-4DC2-9927-C0096B5AAD10}.Debug|Any CPU.ActiveCfg = Debug|Any CPU
		{8D1FB2D7-3890-4DC2-9927-C0096B5AAD10}.Debug|Any CPU.Build.0 = Debug|Any CPU
		{8D1FB2D7-3890-4DC2-9927-C0096B5AAD10}.Debug|Any CPU.Deploy.0 = Debug|Any CPU
		{8D1FB2D7-3890-4DC2-9927-C0096B5AAD10}.Debug|iPhone.ActiveCfg = Debug|Any CPU
		{8D1FB2D7-3890-4DC2-9927-C0096B5AAD10}.Debug|iPhone.Build.0 = Debug|Any CPU
		{8D1FB2D7-3890-4DC2-9927-C0096B5AAD10}.Debug|iPhone.Deploy.0 = Debug|Any CPU
		{8D1FB2D7-3890-4DC2-9927-C0096B5AAD10}.Debug|iPhoneSimulator.ActiveCfg = Debug|Any CPU
		{8D1FB2D7-3890-4DC2-9927-C0096B5AAD10}.Debug|iPhoneSimulator.Build.0 = Debug|Any CPU
		{8D1FB2D7-3890-4DC2-9927-C0096B5AAD10}.Debug|iPhoneSimulator.Deploy.0 = Debug|Any CPU
		{8D1FB2D7-3890-4DC2-9927-C0096B5AAD10}.Release|Any CPU.ActiveCfg = Release|Any CPU
		{8D1FB2D7-3890-4DC2-9927-C0096B5AAD10}.Release|Any CPU.Build.0 = Release|Any CPU
		{8D1FB2D7-3890-4DC2-9927-C0096B5AAD10}.Release|Any CPU.Deploy.0 = Release|Any CPU
		{8D1FB2D7-3890-4DC2-9927-C0096B5AAD10}.Release|iPhone.ActiveCfg = Release|Any CPU
		{8D1FB2D7-3890-4DC2-9927-C0096B5AAD10}.Release|iPhone.Build.0 = Release|Any CPU
		{8D1FB2D7-3890-4DC2-9927-C0096B5AAD10}.Release|iPhone.Deploy.0 = Release|Any CPU
		{8D1FB2D7-3890-4DC2-9927-C0096B5AAD10}.Release|iPhoneSimulator.ActiveCfg = Release|Any CPU
		{8D1FB2D7-3890-4DC2-9927-C0096B5AAD10}.Release|iPhoneSimulator.Build.0 = Release|Any CPU
		{8D1FB2D7-3890-4DC2-9927-C0096B5AAD10}.Release|iPhoneSimulator.Deploy.0 = Release|Any CPU
		{BAC66BA5-02DA-48AE-BBAF-6B7952B2ABB7}.Debug|Any CPU.ActiveCfg = Debug|iPhone
		{BAC66BA5-02DA-48AE-BBAF-6B7952B2ABB7}.Debug|Any CPU.Build.0 = Debug|iPhone
		{BAC66BA5-02DA-48AE-BBAF-6B7952B2ABB7}.Debug|Any CPU.Deploy.0 = Debug|iPhone
		{BAC66BA5-02DA-48AE-BBAF-6B7952B2ABB7}.Debug|iPhone.ActiveCfg = Debug|iPhone
		{BAC66BA5-02DA-48AE-BBAF-6B7952B2ABB7}.Debug|iPhone.Build.0 = Debug|iPhone
		{BAC66BA5-02DA-48AE-BBAF-6B7952B2ABB7}.Debug|iPhone.Deploy.0 = Debug|iPhone
		{BAC66BA5-02DA-48AE-BBAF-6B7952B2ABB7}.Debug|iPhoneSimulator.ActiveCfg = Debug|iPhoneSimulator
		{BAC66BA5-02DA-48AE-BBAF-6B7952B2ABB7}.Debug|iPhoneSimulator.Build.0 = Debug|iPhoneSimulator
		{BAC66BA5-02DA-48AE-BBAF-6B7952B2ABB7}.Debug|iPhoneSimulator.Deploy.0 = Debug|iPhoneSimulator
		{BAC66BA5-02DA-48AE-BBAF-6B7952B2ABB7}.Release|Any CPU.ActiveCfg = Release|iPhoneSimulator
		{BAC66BA5-02DA-48AE-BBAF-6B7952B2ABB7}.Release|Any CPU.Build.0 = Release|iPhoneSimulator
		{BAC66BA5-02DA-48AE-BBAF-6B7952B2ABB7}.Release|Any CPU.Deploy.0 = Release|iPhoneSimulator
		{BAC66BA5-02DA-48AE-BBAF-6B7952B2ABB7}.Release|iPhone.ActiveCfg = Release|iPhone
		{BAC66BA5-02DA-48AE-BBAF-6B7952B2ABB7}.Release|iPhone.Build.0 = Release|iPhone
		{BAC66BA5-02DA-48AE-BBAF-6B7952B2ABB7}.Release|iPhone.Deploy.0 = Release|iPhone
		{BAC66BA5-02DA-48AE-BBAF-6B7952B2ABB7}.Release|iPhoneSimulator.ActiveCfg = Release|iPhoneSimulator
		{BAC66BA5-02DA-48AE-BBAF-6B7952B2ABB7}.Release|iPhoneSimulator.Build.0 = Release|iPhoneSimulator
		{BAC66BA5-02DA-48AE-BBAF-6B7952B2ABB7}.Release|iPhoneSimulator.Deploy.0 = Release|iPhoneSimulator
		{91B2DB3F-6356-48C3-B31B-4B0329C41DAD}.Debug|Any CPU.ActiveCfg = Debug|Any CPU
		{91B2DB3F-6356-48C3-B31B-4B0329C41DAD}.Debug|Any CPU.Build.0 = Debug|Any CPU
		{91B2DB3F-6356-48C3-B31B-4B0329C41DAD}.Debug|Any CPU.Deploy.0 = Debug|Any CPU
		{91B2DB3F-6356-48C3-B31B-4B0329C41DAD}.Debug|iPhone.ActiveCfg = Debug|Any CPU
		{91B2DB3F-6356-48C3-B31B-4B0329C41DAD}.Debug|iPhone.Build.0 = Debug|Any CPU
		{91B2DB3F-6356-48C3-B31B-4B0329C41DAD}.Debug|iPhone.Deploy.0 = Debug|Any CPU
		{91B2DB3F-6356-48C3-B31B-4B0329C41DAD}.Debug|iPhoneSimulator.ActiveCfg = Debug|Any CPU
		{91B2DB3F-6356-48C3-B31B-4B0329C41DAD}.Debug|iPhoneSimulator.Build.0 = Debug|Any CPU
		{91B2DB3F-6356-48C3-B31B-4B0329C41DAD}.Debug|iPhoneSimulator.Deploy.0 = Debug|Any CPU
		{91B2DB3F-6356-48C3-B31B-4B0329C41DAD}.Release|Any CPU.ActiveCfg = Release|Any CPU
		{91B2DB3F-6356-48C3-B31B-4B0329C41DAD}.Release|Any CPU.Build.0 = Release|Any CPU
		{91B2DB3F-6356-48C3-B31B-4B0329C41DAD}.Release|Any CPU.Deploy.0 = Release|Any CPU
		{91B2DB3F-6356-48C3-B31B-4B0329C41DAD}.Release|iPhone.ActiveCfg = Release|Any CPU
		{91B2DB3F-6356-48C3-B31B-4B0329C41DAD}.Release|iPhone.Build.0 = Release|Any CPU
		{91B2DB3F-6356-48C3-B31B-4B0329C41DAD}.Release|iPhone.Deploy.0 = Release|Any CPU
		{91B2DB3F-6356-48C3-B31B-4B0329C41DAD}.Release|iPhoneSimulator.ActiveCfg = Release|Any CPU
		{91B2DB3F-6356-48C3-B31B-4B0329C41DAD}.Release|iPhoneSimulator.Build.0 = Release|Any CPU
		{91B2DB3F-6356-48C3-B31B-4B0329C41DAD}.Release|iPhoneSimulator.Deploy.0 = Release|Any CPU
	EndGlobalSection
	GlobalSection(SolutionProperties) = preSolution
		HideSolutionNode = FALSE
	EndGlobalSection
	GlobalSection(ExtensibilityGlobals) = postSolution
		SolutionGuid = {39FDFC63-3DFE-4F85-82CF-5E3330D971EE}
	EndGlobalSection
EndGlobal
